
Microsoft Visual Studio Solution File, Format Version 12.00
# Visual Studio Version 16
VisualStudioVersion = 16.0.30907.101
MinimumVisualStudioVersion = 10.0.40219.1
Project("{FAE04EC0-301F-11D3-BF4B-00C04F79EFBC}") = "Pong", "Pong\Pong.csproj", "{FF4DFBA6-83B0-4637-8B21-4271F1F97EF9}"
EndProject
Global
	GlobalSection(SolutionConfigurationPlatforms) = preSolution
		Debug|Any CPU = Debug|Any CPU
		Release|Any CPU = Release|Any CPU
	EndGlobalSection
	GlobalSection(ProjectConfigurationPlatforms) = postSolution
		{FF4DFBA6-83B0-4637-8B21-4271F1F97EF9}.Debug|Any CPU.ActiveCfg = Debug|Any CPU
		{FF4DFBA6-83B0-4637-8B21-4271F1F97EF9}.Debug|Any CPU.Build.0 = Debug|Any CPU
		{FF4DFBA6-83B0-4637-8B21-4271F1F97EF9}.Release|Any CPU.ActiveCfg = Release|Any CPU
		{FF4DFBA6-83B0-4637-8B21-4271F1F97EF9}.Release|Any CPU.Build.0 = Release|Any CPU
	EndGlobalSection
	GlobalSection(SolutionProperties) = preSolution
		HideSolutionNode = FALSE
	EndGlobalSection
	GlobalSection(ExtensibilityGlobals) = postSolution
		SolutionGuid = {75F13AAA-7477-4119-BF42-FEC233A09B56}
	EndGlobalSection
EndGlobal
